
Microsoft Visual Studio Solution File, Format Version 12.00
# Visual Studio 15
VisualStudioVersion = 15.0.28307.960
MinimumVisualStudioVersion = 10.0.40219.1
Project("{FAE04EC0-301F-11D3-BF4B-00C04F79EFBC}") = "TradingSystem", "TradingSystem\TradingSystem.csproj", "{553860D7-EAAF-410C-B033-8F3DB937157B}"
EndProject
Project("{FAE04EC0-301F-11D3-BF4B-00C04F79EFBC}") = "Tests", "Tests\Tests.csproj", "{D2BF5781-22FA-4A99-8B8D-C677636DE857}"
EndProject
Global
	GlobalSection(SolutionConfigurationPlatforms) = preSolution
		Debug|Any CPU = Debug|Any CPU
		Release|Any CPU = Release|Any CPU
	EndGlobalSection
	GlobalSection(ProjectConfigurationPlatforms) = postSolution
		{553860D7-EAAF-410C-B033-8F3DB937157B}.Debug|Any CPU.ActiveCfg = Debug|Any CPU
		{553860D7-EAAF-410C-B033-8F3DB937157B}.Debug|Any CPU.Build.0 = Debug|Any CPU
		{553860D7-EAAF-410C-B033-8F3DB937157B}.Release|Any CPU.ActiveCfg = Release|Any CPU
		{553860D7-EAAF-410C-B033-8F3DB937157B}.Release|Any CPU.Build.0 = Release|Any CPU
		{D2BF5781-22FA-4A99-8B8D-C677636DE857}.Debug|Any CPU.ActiveCfg = Debug|Any CPU
		{D2BF5781-22FA-4A99-8B8D-C677636DE857}.Debug|Any CPU.Build.0 = Debug|Any CPU
		{D2BF5781-22FA-4A99-8B8D-C677636DE857}.Release|Any CPU.ActiveCfg = Release|Any CPU
		{D2BF5781-22FA-4A99-8B8D-C677636DE857}.Release|Any CPU.Build.0 = Release|Any CPU
	EndGlobalSection
	GlobalSection(SolutionProperties) = preSolution
		HideSolutionNode = FALSE
	EndGlobalSection
	GlobalSection(ExtensibilityGlobals) = postSolution
		SolutionGuid = {BFF5D09A-2BAD-4838-9DF6-C9C522235640}
	EndGlobalSection
EndGlobal
