
Microsoft Visual Studio Solution File, Format Version 12.00
# Visual Studio 15
VisualStudioVersion = 15.0.28307.960
MinimumVisualStudioVersion = 10.0.40219.1
Project("{FAE04EC0-301F-11D3-BF4B-00C04F79EFBC}") = "TradingSystem", "TradingSystem\TradingSystem.csproj", "{553860D7-EAAF-410C-B033-8F3DB937157B}"
EndProject
Project("{9A19103F-16F7-4668-BE54-9A1E7A4F7556}") = "Tests", "Tests\Tests.csproj", "{D2BF5781-22FA-4A99-8B8D-C677636DE857}"
EndProject
Project("{FAE04EC0-301F-11D3-BF4B-00C04F79EFBC}") = "ClientProject", "ClientProject\ClientProject.csproj", "{D98DFFA2-F00C-4977-B23E-C3059B23095C}"
EndProject
Project("{FAE04EC0-301F-11D3-BF4B-00C04F79EFBC}") = "ClientWeb", "ClientWeb\ClientWeb.csproj", "{49B28DCC-F561-4E63-AA0E-2F9B52EC910B}"
EndProject
Global
	GlobalSection(SolutionConfigurationPlatforms) = preSolution
		Debug|Any CPU = Debug|Any CPU
		Release|Any CPU = Release|Any CPU
	EndGlobalSection
	GlobalSection(ProjectConfigurationPlatforms) = postSolution
		{553860D7-EAAF-410C-B033-8F3DB937157B}.Debug|Any CPU.ActiveCfg = Debug|Any CPU
		{553860D7-EAAF-410C-B033-8F3DB937157B}.Debug|Any CPU.Build.0 = Debug|Any CPU
		{553860D7-EAAF-410C-B033-8F3DB937157B}.Release|Any CPU.ActiveCfg = Release|Any CPU
		{553860D7-EAAF-410C-B033-8F3DB937157B}.Release|Any CPU.Build.0 = Release|Any CPU
		{D2BF5781-22FA-4A99-8B8D-C677636DE857}.Debug|Any CPU.ActiveCfg = Debug|Any CPU
		{D2BF5781-22FA-4A99-8B8D-C677636DE857}.Debug|Any CPU.Build.0 = Debug|Any CPU
		{D2BF5781-22FA-4A99-8B8D-C677636DE857}.Release|Any CPU.ActiveCfg = Release|Any CPU
		{D2BF5781-22FA-4A99-8B8D-C677636DE857}.Release|Any CPU.Build.0 = Release|Any CPU
		{D98DFFA2-F00C-4977-B23E-C3059B23095C}.Debug|Any CPU.ActiveCfg = Debug|Any CPU
		{D98DFFA2-F00C-4977-B23E-C3059B23095C}.Debug|Any CPU.Build.0 = Debug|Any CPU
		{D98DFFA2-F00C-4977-B23E-C3059B23095C}.Release|Any CPU.ActiveCfg = Release|Any CPU
		{D98DFFA2-F00C-4977-B23E-C3059B23095C}.Release|Any CPU.Build.0 = Release|Any CPU
		{49B28DCC-F561-4E63-AA0E-2F9B52EC910B}.Debug|Any CPU.ActiveCfg = Debug|Any CPU
		{49B28DCC-F561-4E63-AA0E-2F9B52EC910B}.Debug|Any CPU.Build.0 = Debug|Any CPU
		{49B28DCC-F561-4E63-AA0E-2F9B52EC910B}.Release|Any CPU.ActiveCfg = Release|Any CPU
		{49B28DCC-F561-4E63-AA0E-2F9B52EC910B}.Release|Any CPU.Build.0 = Release|Any CPU
	EndGlobalSection
	GlobalSection(SolutionProperties) = preSolution
		HideSolutionNode = FALSE
	EndGlobalSection
	GlobalSection(ExtensibilityGlobals) = postSolution
		SolutionGuid = {BFF5D09A-2BAD-4838-9DF6-C9C522235640}
	EndGlobalSection
EndGlobal
